
Microsoft Visual Studio Solution File, Format Version 12.00
# Visual Studio 14
VisualStudioVersion = 14.0.24720.0
MinimumVisualStudioVersion = 10.0.40219.1
Project("{FAE04EC0-301F-11D3-BF4B-00C04F79EFBC}") = "Roulette", "Roulette\Roulette.csproj", "{9A56A795-0ED2-4278-BED8-5C057CA2307F}"
EndProject
Project("{FAE04EC0-301F-11D3-BF4B-00C04F79EFBC}") = "Roulette.Tests", "Roulette.Tests\Roulette.Tests.csproj", "{EB6EB859-7B9C-4D16-AD08-5C10D2005DDA}"
EndProject
Project("{2150E333-8FDC-42A3-9474-1A3956D46DE8}") = ".nuget", ".nuget", "{0EFC035E-EEB6-42B3-9FF5-B2FFC8188D18}"
	ProjectSection(SolutionItems) = preProject
		.nuget\packages.config = .nuget\packages.config
	EndProjectSection
EndProject
Project("{FAE04EC0-301F-11D3-BF4B-00C04F79EFBC}") = "Craps", "Craps\Craps.csproj", "{F0AB6FC1-1CC7-42A3-870E-09BBAAC01F76}"
EndProject
Project("{FAE04EC0-301F-11D3-BF4B-00C04F79EFBC}") = "Craps.Tests", "Craps.Tests\Craps.Tests.csproj", "{C24967DD-F439-49B1-9C70-3C05244706FF}"
EndProject
Global
	GlobalSection(SolutionConfigurationPlatforms) = preSolution
		Debug|Any CPU = Debug|Any CPU
		Debug|x86 = Debug|x86
		Release|Any CPU = Release|Any CPU
		Release|x86 = Release|x86
	EndGlobalSection
	GlobalSection(ProjectConfigurationPlatforms) = postSolution
		{9A56A795-0ED2-4278-BED8-5C057CA2307F}.Debug|Any CPU.ActiveCfg = Debug|Any CPU
		{9A56A795-0ED2-4278-BED8-5C057CA2307F}.Debug|Any CPU.Build.0 = Debug|Any CPU
		{9A56A795-0ED2-4278-BED8-5C057CA2307F}.Debug|x86.ActiveCfg = Debug|Any CPU
		{9A56A795-0ED2-4278-BED8-5C057CA2307F}.Debug|x86.Build.0 = Debug|Any CPU
		{9A56A795-0ED2-4278-BED8-5C057CA2307F}.Release|Any CPU.ActiveCfg = Release|Any CPU
		{9A56A795-0ED2-4278-BED8-5C057CA2307F}.Release|Any CPU.Build.0 = Release|Any CPU
		{9A56A795-0ED2-4278-BED8-5C057CA2307F}.Release|x86.ActiveCfg = Release|Any CPU
		{9A56A795-0ED2-4278-BED8-5C057CA2307F}.Release|x86.Build.0 = Release|Any CPU
		{EB6EB859-7B9C-4D16-AD08-5C10D2005DDA}.Debug|Any CPU.ActiveCfg = Debug|Any CPU
		{EB6EB859-7B9C-4D16-AD08-5C10D2005DDA}.Debug|Any CPU.Build.0 = Debug|Any CPU
		{EB6EB859-7B9C-4D16-AD08-5C10D2005DDA}.Debug|x86.ActiveCfg = Debug|x86
		{EB6EB859-7B9C-4D16-AD08-5C10D2005DDA}.Debug|x86.Build.0 = Debug|x86
		{EB6EB859-7B9C-4D16-AD08-5C10D2005DDA}.Release|Any CPU.ActiveCfg = Release|Any CPU
		{EB6EB859-7B9C-4D16-AD08-5C10D2005DDA}.Release|Any CPU.Build.0 = Release|Any CPU
		{EB6EB859-7B9C-4D16-AD08-5C10D2005DDA}.Release|x86.ActiveCfg = Release|x86
		{EB6EB859-7B9C-4D16-AD08-5C10D2005DDA}.Release|x86.Build.0 = Release|x86
		{F0AB6FC1-1CC7-42A3-870E-09BBAAC01F76}.Debug|Any CPU.ActiveCfg = Debug|Any CPU
		{F0AB6FC1-1CC7-42A3-870E-09BBAAC01F76}.Debug|Any CPU.Build.0 = Debug|Any CPU
		{F0AB6FC1-1CC7-42A3-870E-09BBAAC01F76}.Debug|x86.ActiveCfg = Debug|Any CPU
		{F0AB6FC1-1CC7-42A3-870E-09BBAAC01F76}.Debug|x86.Build.0 = Debug|Any CPU
		{F0AB6FC1-1CC7-42A3-870E-09BBAAC01F76}.Release|Any CPU.ActiveCfg = Release|Any CPU
		{F0AB6FC1-1CC7-42A3-870E-09BBAAC01F76}.Release|Any CPU.Build.0 = Release|Any CPU
		{F0AB6FC1-1CC7-42A3-870E-09BBAAC01F76}.Release|x86.ActiveCfg = Release|Any CPU
		{F0AB6FC1-1CC7-42A3-870E-09BBAAC01F76}.Release|x86.Build.0 = Release|Any CPU
		{C24967DD-F439-49B1-9C70-3C05244706FF}.Debug|Any CPU.ActiveCfg = Debug|Any CPU
		{C24967DD-F439-49B1-9C70-3C05244706FF}.Debug|Any CPU.Build.0 = Debug|Any CPU
		{C24967DD-F439-49B1-9C70-3C05244706FF}.Debug|x86.ActiveCfg = Debug|Any CPU
		{C24967DD-F439-49B1-9C70-3C05244706FF}.Debug|x86.Build.0 = Debug|Any CPU
		{C24967DD-F439-49B1-9C70-3C05244706FF}.Release|Any CPU.ActiveCfg = Release|Any CPU
		{C24967DD-F439-49B1-9C70-3C05244706FF}.Release|Any CPU.Build.0 = Release|Any CPU
		{C24967DD-F439-49B1-9C70-3C05244706FF}.Release|x86.ActiveCfg = Release|Any CPU
		{C24967DD-F439-49B1-9C70-3C05244706FF}.Release|x86.Build.0 = Release|Any CPU
	EndGlobalSection
	GlobalSection(SolutionProperties) = preSolution
		HideSolutionNode = FALSE
	EndGlobalSection
EndGlobal
